dependencies:
  espressif/esp_websocket_client:
    component_hash: fe199a31269568cfdf67b52c8a338f8befa4d3385041b9e1a601ed3ee10b5c64
    source:
      service_url: https://api.components.espressif.com/
      type: service
    version: 0.0.4
  idf:
    component_hash: null
    source:
      type: idf
    version: 5.0.0
manifest_hash: 93f729c7dc700fb45b4bbdabf7ec5b7302b4cbbfc0e9d461f415db495cccca79
target: esp32c3
version: 1.0.0
